Microsoft Visual Studio Solution File, Format Version 12.00
# Visual Studio Version 16
VisualStudioVersion = 16.0.28803.352
MinimumVisualStudioVersion = 10.0.40219.1
Project("{2150E333-8FDC-42A3-9474-1A3956D46DE8}") = "Library", "Library", "{92641381-F1A0-4399-AD7E-54238FF10B22}"
EndProject
Project("{FAE04EC0-301F-11D3-BF4B-00C04F79EFBC}") = "MAF.Entropy", "Library\MAF.Entropy\MAF.Entropy.csproj", "{6973D659-E2DB-49D6-909F-E5195CF30DC6}"
EndProject
Project("{FAE04EC0-301F-11D3-BF4B-00C04F79EFBC}") = "MAF.Entropy.Test", "Library\MAF.Entropy.Test\MAF.Entropy.Test.csproj", "{F886A8FB-F3D4-4FED-98A1-7EEEF9169DD5}"
EndProject
Project("{2150E333-8FDC-42A3-9474-1A3956D46DE8}") = "Product", "Product", "{D34FEA1F-302C-406A-9759-7A7EDC34BDCB}"
EndProject
Project("{FAE04EC0-301F-11D3-BF4B-00C04F79EFBC}") = "MAF.Entropy.Console", "Product\MAF.Entropy.Console\MAF.Entropy.Console.csproj", "{4754BE30-2B5A-40E8-ADD5-DC60EE410976}"
EndProject
Project("{FAE04EC0-301F-11D3-BF4B-00C04F79EFBC}") = "MAF.Entropy.Console.Test", "Product\MAF.Entropy.Console.Test\MAF.Entropy.Console.Test.csproj", "{EA1FA194-968E-4C79-A22E-805390ED3E68}"
EndProject
Project("{FAE04EC0-301F-11D3-BF4B-00C04F79EFBC}") = "MAF.Entropy.WPF.Test", "Product\MAF.Entropy.WPF.Test\MAF.Entropy.WPF.Test.csproj", "{498A0475-09FD-4C80-8F90-2AB4BB570209}"
EndProject
Project("{FAE04EC0-301F-11D3-BF4B-00C04F79EFBC}") = "MAF.Entropy.WPF", "Product\MAF.Entropy.WPF\MAF.Entropy.WPF.csproj", "{A8EE6859-A4F2-4E84-85CA-8E78BDDA5A1B}"
EndProject
Project("{2150E333-8FDC-42A3-9474-1A3956D46DE8}") = "DB", "DB", "{4DA13780-3D56-406F-A4AA-3C7C87DAD071}"
EndProject
Project("{FAE04EC0-301F-11D3-BF4B-00C04F79EFBC}") = "MAF.Collection", "Library\MAF.Collection\MAF.Collection.csproj", "{3A33363D-F681-4391-A776-630CD4710706}"
EndProject
Project("{FAE04EC0-301F-11D3-BF4B-00C04F79EFBC}") = "MAF.Collection.Test", "Library\MAF.Collection.Test\MAF.Collection.Test.csproj", "{76B1BBE7-17CC-44EB-9204-9CFCA4AC9E7E}"
EndProject
Project("{FAE04EC0-301F-11D3-BF4B-00C04F79EFBC}") = "MAF.TextAnalytics.Server", "Library\MAF.TextAnalytics.Server\MAF.TextAnalytics.Server.csproj", "{8854E52E-FC5F-4507-98F4-2FDAF5ADA226}"
EndProject
Project("{FAE04EC0-301F-11D3-BF4B-00C04F79EFBC}") = "MAF.TextAnalytics.Server.Test", "Library\MAF.TextAnalytics.Server.Test\MAF.TextAnalytics.Server.Test.csproj", "{7E298CD6-797A-4646-9A32-5BF7B84E49B1}"
EndProject
Project("{FAE04EC0-301F-11D3-BF4B-00C04F79EFBC}") = "MAF.WCFTextAnalyticsService", "Library\MAF.WCFTextAnalyticsService\MAF.WCFTextAnalyticsService.csproj", "{2038A8E1-F263-4FCD-8071-110FCABF45D3}"
EndProject
Project("{2150E333-8FDC-42A3-9474-1A3956D46DE8}") = "WCF", "WCF", "{F41E2162-D540-4F8C-A5B5-134E9A01A147}"
EndProject
Project("{FAE04EC0-301F-11D3-BF4B-00C04F79EFBC}") = "MAF.TextAnalyticsServiceHost", "Product\WCF\MAF.TextAnalzticsServiceHost\MAF.TextAnalyticsServiceHost.csproj", "{C7389EAB-B6D1-4FA4-B41F-6F943385B6FD}"
EndProject
Project("{FAE04EC0-301F-11D3-BF4B-00C04F79EFBC}") = "MAF.TextAnalytics", "Product\WCF\MAF.TextAnalytics\MAF.TextAnalytics.csproj", "{C7F179CE-A91A-4DBC-B37C-ACC5635F297C}"
EndProject
Project("{FAE04EC0-301F-11D3-BF4B-00C04F79EFBC}") = "MAF.TextAnalytics.DB", "Library\DB\MAF.TextAnalytics.DB\MAF.TextAnalytics.DB.csproj", "{C099E226-C628-4A53-A3F3-2A28E3F88E3A}"
EndProject
Project("{FAE04EC0-301F-11D3-BF4B-00C04F79EFBC}") = "MAF.TextAnalytics.DB.SQLite", "Library\DB\MAF.TextAnalytics.DB.SQLite\MAF.TextAnalytics.DB.SQLite.csproj", "{C5070629-64C9-4C2B-9328-3328ECCF0E64}"
EndProject
Project("{FAE04EC0-301F-11D3-BF4B-00C04F79EFBC}") = "MAF.TextAnalytics.DB.SQLite.Test", "Library\DB\MAF.TextAnalytics.DB.SQLite.Test\MAF.TextAnalytics.DB.SQLite.Test.csproj", "{C2D64946-B65F-4AA8-A8CB-A5F14946C7E0}"
EndProject
Project("{FAE04EC0-301F-11D3-BF4B-00C04F79EFBC}") = "MAF.TextAnalytics.DB.MySQL", "Library\DB\MAF.TextAnalytics.DB.MySQL\MAF.TextAnalytics.DB.MySQL.csproj", "{9D06E961-9C01-4E4E-85DB-4C4055C061FE}"
EndProject
Project("{FAE04EC0-301F-11D3-BF4B-00C04F79EFBC}") = "MAF.TextAnalytics.DB.MySQL.Test", "Library\DB\MAF.TextAnalytics.DB.MySQL.Test\MAF.TextAnalytics.DB.MySQL.Test.csproj", "{74A5334B-8A53-4565-B23D-318C66EA79C3}"
EndProject
Global
	GlobalSection(SolutionConfigurationPlatforms) = preSolution
		Debug|Any CPU = Debug|Any CPU
		Release|Any CPU = Release|Any CPU
	EndGlobalSection
	GlobalSection(ProjectConfigurationPlatforms) = postSolution
		{6973D659-E2DB-49D6-909F-E5195CF30DC6}.Debug|Any CPU.ActiveCfg = Debug|Any CPU
		{6973D659-E2DB-49D6-909F-E5195CF30DC6}.Debug|Any CPU.Build.0 = Debug|Any CPU
		{6973D659-E2DB-49D6-909F-E5195CF30DC6}.Release|Any CPU.ActiveCfg = Release|Any CPU
		{6973D659-E2DB-49D6-909F-E5195CF30DC6}.Release|Any CPU.Build.0 = Release|Any CPU
		{F886A8FB-F3D4-4FED-98A1-7EEEF9169DD5}.Debug|Any CPU.ActiveCfg = Debug|Any CPU
		{F886A8FB-F3D4-4FED-98A1-7EEEF9169DD5}.Debug|Any CPU.Build.0 = Debug|Any CPU
		{F886A8FB-F3D4-4FED-98A1-7EEEF9169DD5}.Release|Any CPU.ActiveCfg = Release|Any CPU
		{F886A8FB-F3D4-4FED-98A1-7EEEF9169DD5}.Release|Any CPU.Build.0 = Release|Any CPU
		{4754BE30-2B5A-40E8-ADD5-DC60EE410976}.Debug|Any CPU.ActiveCfg = Debug|Any CPU
		{4754BE30-2B5A-40E8-ADD5-DC60EE410976}.Debug|Any CPU.Build.0 = Debug|Any CPU
		{4754BE30-2B5A-40E8-ADD5-DC60EE410976}.Release|Any CPU.ActiveCfg = Release|Any CPU
		{4754BE30-2B5A-40E8-ADD5-DC60EE410976}.Release|Any CPU.Build.0 = Release|Any CPU
		{EA1FA194-968E-4C79-A22E-805390ED3E68}.Debug|Any CPU.ActiveCfg = Debug|Any CPU
		{EA1FA194-968E-4C79-A22E-805390ED3E68}.Debug|Any CPU.Build.0 = Debug|Any CPU
		{EA1FA194-968E-4C79-A22E-805390ED3E68}.Release|Any CPU.ActiveCfg = Release|Any CPU
		{EA1FA194-968E-4C79-A22E-805390ED3E68}.Release|Any CPU.Build.0 = Release|Any CPU
		{498A0475-09FD-4C80-8F90-2AB4BB570209}.Debug|Any CPU.ActiveCfg = Debug|Any CPU
		{498A0475-09FD-4C80-8F90-2AB4BB570209}.Debug|Any CPU.Build.0 = Debug|Any CPU
		{498A0475-09FD-4C80-8F90-2AB4BB570209}.Release|Any CPU.ActiveCfg = Release|Any CPU
		{498A0475-09FD-4C80-8F90-2AB4BB570209}.Release|Any CPU.Build.0 = Release|Any CPU
		{A8EE6859-A4F2-4E84-85CA-8E78BDDA5A1B}.Debug|Any CPU.ActiveCfg = Debug|Any CPU
		{A8EE6859-A4F2-4E84-85CA-8E78BDDA5A1B}.Debug|Any CPU.Build.0 = Debug|Any CPU
		{A8EE6859-A4F2-4E84-85CA-8E78BDDA5A1B}.Release|Any CPU.ActiveCfg = Release|Any CPU
		{A8EE6859-A4F2-4E84-85CA-8E78BDDA5A1B}.Release|Any CPU.Build.0 = Release|Any CPU
		{3A33363D-F681-4391-A776-630CD4710706}.Debug|Any CPU.ActiveCfg = Debug|Any CPU
		{3A33363D-F681-4391-A776-630CD4710706}.Debug|Any CPU.Build.0 = Debug|Any CPU
		{3A33363D-F681-4391-A776-630CD4710706}.Release|Any CPU.ActiveCfg = Release|Any CPU
		{3A33363D-F681-4391-A776-630CD4710706}.Release|Any CPU.Build.0 = Release|Any CPU
		{76B1BBE7-17CC-44EB-9204-9CFCA4AC9E7E}.Debug|Any CPU.ActiveCfg = Debug|Any CPU
		{76B1BBE7-17CC-44EB-9204-9CFCA4AC9E7E}.Debug|Any CPU.Build.0 = Debug|Any CPU
		{76B1BBE7-17CC-44EB-9204-9CFCA4AC9E7E}.Release|Any CPU.ActiveCfg = Release|Any CPU
		{76B1BBE7-17CC-44EB-9204-9CFCA4AC9E7E}.Release|Any CPU.Build.0 = Release|Any CPU
		{8854E52E-FC5F-4507-98F4-2FDAF5ADA226}.Debug|Any CPU.ActiveCfg = Debug|Any CPU
		{8854E52E-FC5F-4507-98F4-2FDAF5ADA226}.Debug|Any CPU.Build.0 = Debug|Any CPU
		{8854E52E-FC5F-4507-98F4-2FDAF5ADA226}.Release|Any CPU.ActiveCfg = Release|Any CPU
		{8854E52E-FC5F-4507-98F4-2FDAF5ADA226}.Release|Any CPU.Build.0 = Release|Any CPU
		{7E298CD6-797A-4646-9A32-5BF7B84E49B1}.Debug|Any CPU.ActiveCfg = Debug|Any CPU
		{7E298CD6-797A-4646-9A32-5BF7B84E49B1}.Debug|Any CPU.Build.0 = Debug|Any CPU
		{7E298CD6-797A-4646-9A32-5BF7B84E49B1}.Release|Any CPU.ActiveCfg = Release|Any CPU
		{7E298CD6-797A-4646-9A32-5BF7B84E49B1}.Release|Any CPU.Build.0 = Release|Any CPU
		{2038A8E1-F263-4FCD-8071-110FCABF45D3}.Debug|Any CPU.ActiveCfg = Debug|Any CPU
		{2038A8E1-F263-4FCD-8071-110FCABF45D3}.Debug|Any CPU.Build.0 = Debug|Any CPU
		{2038A8E1-F263-4FCD-8071-110FCABF45D3}.Release|Any CPU.ActiveCfg = Release|Any CPU
		{2038A8E1-F263-4FCD-8071-110FCABF45D3}.Release|Any CPU.Build.0 = Release|Any CPU
		{C7389EAB-B6D1-4FA4-B41F-6F943385B6FD}.Debug|Any CPU.ActiveCfg = Debug|Any CPU
		{C7389EAB-B6D1-4FA4-B41F-6F943385B6FD}.Debug|Any CPU.Build.0 = Debug|Any CPU
		{C7389EAB-B6D1-4FA4-B41F-6F943385B6FD}.Release|Any CPU.ActiveCfg = Release|Any CPU
		{C7389EAB-B6D1-4FA4-B41F-6F943385B6FD}.Release|Any CPU.Build.0 = Release|Any CPU
		{C7F179CE-A91A-4DBC-B37C-ACC5635F297C}.Debug|Any CPU.ActiveCfg = Debug|Any CPU
		{C7F179CE-A91A-4DBC-B37C-ACC5635F297C}.Debug|Any CPU.Build.0 = Debug|Any CPU
		{C7F179CE-A91A-4DBC-B37C-ACC5635F297C}.Release|Any CPU.ActiveCfg = Release|Any CPU
		{C7F179CE-A91A-4DBC-B37C-ACC5635F297C}.Release|Any CPU.Build.0 = Release|Any CPU
		{C099E226-C628-4A53-A3F3-2A28E3F88E3A}.Debug|Any CPU.ActiveCfg = Debug|Any CPU
		{C099E226-C628-4A53-A3F3-2A28E3F88E3A}.Debug|Any CPU.Build.0 = Debug|Any CPU
		{C099E226-C628-4A53-A3F3-2A28E3F88E3A}.Release|Any CPU.ActiveCfg = Release|Any CPU
		{C099E226-C628-4A53-A3F3-2A28E3F88E3A}.Release|Any CPU.Build.0 = Release|Any CPU
		{C5070629-64C9-4C2B-9328-3328ECCF0E64}.Debug|Any CPU.ActiveCfg = Debug|Any CPU
		{C5070629-64C9-4C2B-9328-3328ECCF0E64}.Debug|Any CPU.Build.0 = Debug|Any CPU
		{C5070629-64C9-4C2B-9328-3328ECCF0E64}.Release|Any CPU.ActiveCfg = Release|Any CPU
		{C5070629-64C9-4C2B-9328-3328ECCF0E64}.Release|Any CPU.Build.0 = Release|Any CPU
		{C2D64946-B65F-4AA8-A8CB-A5F14946C7E0}.Debug|Any CPU.ActiveCfg = Debug|Any CPU
		{C2D64946-B65F-4AA8-A8CB-A5F14946C7E0}.Debug|Any CPU.Build.0 = Debug|Any CPU
		{C2D64946-B65F-4AA8-A8CB-A5F14946C7E0}.Release|Any CPU.ActiveCfg = Release|Any CPU
		{C2D64946-B65F-4AA8-A8CB-A5F14946C7E0}.Release|Any CPU.Build.0 = Release|Any CPU
		{9D06E961-9C01-4E4E-85DB-4C4055C061FE}.Debug|Any CPU.ActiveCfg = Debug|Any CPU
		{9D06E961-9C01-4E4E-85DB-4C4055C061FE}.Debug|Any CPU.Build.0 = Debug|Any CPU
		{9D06E961-9C01-4E4E-85DB-4C4055C061FE}.Release|Any CPU.ActiveCfg = Release|Any CPU
		{9D06E961-9C01-4E4E-85DB-4C4055C061FE}.Release|Any CPU.Build.0 = Release|Any CPU
		{74A5334B-8A53-4565-B23D-318C66EA79C3}.Debug|Any CPU.ActiveCfg = Debug|Any CPU
		{74A5334B-8A53-4565-B23D-318C66EA79C3}.Debug|Any CPU.Build.0 = Debug|Any CPU
		{74A5334B-8A53-4565-B23D-318C66EA79C3}.Release|Any CPU.ActiveCfg = Release|Any CPU
		{74A5334B-8A53-4565-B23D-318C66EA79C3}.Release|Any CPU.Build.0 = Release|Any CPU
	EndGlobalSection
	GlobalSection(SolutionProperties) = preSolution
		HideSolutionNode = FALSE
	EndGlobalSection
	GlobalSection(NestedProjects) = preSolution
		{6973D659-E2DB-49D6-909F-E5195CF30DC6} = {92641381-F1A0-4399-AD7E-54238FF10B22}
		{F886A8FB-F3D4-4FED-98A1-7EEEF9169DD5} = {92641381-F1A0-4399-AD7E-54238FF10B22}
		{4754BE30-2B5A-40E8-ADD5-DC60EE410976} = {D34FEA1F-302C-406A-9759-7A7EDC34BDCB}
		{EA1FA194-968E-4C79-A22E-805390ED3E68} = {D34FEA1F-302C-406A-9759-7A7EDC34BDCB}
		{498A0475-09FD-4C80-8F90-2AB4BB570209} = {D34FEA1F-302C-406A-9759-7A7EDC34BDCB}
		{A8EE6859-A4F2-4E84-85CA-8E78BDDA5A1B} = {D34FEA1F-302C-406A-9759-7A7EDC34BDCB}
		{4DA13780-3D56-406F-A4AA-3C7C87DAD071} = {92641381-F1A0-4399-AD7E-54238FF10B22}
		{3A33363D-F681-4391-A776-630CD4710706} = {92641381-F1A0-4399-AD7E-54238FF10B22}
		{76B1BBE7-17CC-44EB-9204-9CFCA4AC9E7E} = {92641381-F1A0-4399-AD7E-54238FF10B22}
		{8854E52E-FC5F-4507-98F4-2FDAF5ADA226} = {92641381-F1A0-4399-AD7E-54238FF10B22}
		{7E298CD6-797A-4646-9A32-5BF7B84E49B1} = {92641381-F1A0-4399-AD7E-54238FF10B22}
		{2038A8E1-F263-4FCD-8071-110FCABF45D3} = {92641381-F1A0-4399-AD7E-54238FF10B22}
		{F41E2162-D540-4F8C-A5B5-134E9A01A147} = {D34FEA1F-302C-406A-9759-7A7EDC34BDCB}
		{C7389EAB-B6D1-4FA4-B41F-6F943385B6FD} = {F41E2162-D540-4F8C-A5B5-134E9A01A147}
		{C7F179CE-A91A-4DBC-B37C-ACC5635F297C} = {F41E2162-D540-4F8C-A5B5-134E9A01A147}
		{C099E226-C628-4A53-A3F3-2A28E3F88E3A} = {4DA13780-3D56-406F-A4AA-3C7C87DAD071}
		{C5070629-64C9-4C2B-9328-3328ECCF0E64} = {4DA13780-3D56-406F-A4AA-3C7C87DAD071}
		{C2D64946-B65F-4AA8-A8CB-A5F14946C7E0} = {4DA13780-3D56-406F-A4AA-3C7C87DAD071}
		{9D06E961-9C01-4E4E-85DB-4C4055C061FE} = {4DA13780-3D56-406F-A4AA-3C7C87DAD071}
		{74A5334B-8A53-4565-B23D-318C66EA79C3} = {4DA13780-3D56-406F-A4AA-3C7C87DAD071}
	EndGlobalSection
	GlobalSection(ExtensibilityGlobals) = postSolution
		SolutionGuid = {9A4E069A-6CAE-42B7-8630-8433B5A5A06F}
	EndGlobalSection
EndGlobal
